// !$*UTF8*$!
{
	archiveVersion = 1;
	classes = {
	};
	objectVersion = 50;
	objects = {

/* Begin PBXBuildFile section */
		AEFB4B8C265A4F610074D417 /* AppDelegate.swift in Sources */ = {isa = PBXBuildFile; fileRef = AEFB4B8B265A4F610074D417 /* AppDelegate.swift */; };
		AEFB4B8E265A4F610074D417 /* SceneDelegate.swift in Sources */ = {isa = PBXBuildFile; fileRef = AEFB4B8D265A4F610074D417 /* SceneDelegate.swift */; };
		AEFB4B90265A4F610074D417 /* ViewController.swift in Sources */ = {isa = PBXBuildFile; fileRef = AEFB4B8F265A4F610074D417 /* ViewController.swift */; };
		AEFB4B93265A4F610074D417 /* Main.storyboard in Resources */ = {isa = PBXBuildFile; fileRef = AEFB4B91265A4F610074D417 /* Main.storyboard */; };
		AEFB4B96265A4F610074D417 /* Flowers.xcdatamodeld in Sources */ = {isa = PBXBuildFile; fileRef = AEFB4B94265A4F610074D417 /* Flowers.xcdatamodeld */; };
		AEFB4B98265A4F630074D417 /* Assets.xcassets in Resources */ = {isa = PBXBuildFile; fileRef = AEFB4B97265A4F630074D417 /* Assets.xcassets */; };
		AEFB4B9B265A4F630074D417 /* LaunchScreen.storyboard in Resources */ = {isa = PBXBuildFile; fileRef = AEFB4B99265A4F630074D417 /* LaunchScreen.storyboard */; };
		AEFB4BA6265A56D90074D417 /* Flower.swift in Sources */ = {isa = PBXBuildFile; fileRef = AEFB4BA5265A56D90074D417 /* Flower.swift */; };
		AEFB4BAC265A6F5B0074D417 /* FlowersListVC.swift in Sources */ = {isa = PBXBuildFile; fileRef = AEFB4BAB265A6F5B0074D417 /* FlowersListVC.swift */; };
/* End PBXBuildFile section */

/* Begin PBXFileReference section */
		AEFB4B88265A4F610074D417 /* A2_FA_iOS_Manpreet_C0805938.app */ = {isa = PBXFileReference; explicitFileType = wrapper.application; includeInIndex = 0; path = A2_FA_iOS_Manpreet_C0805938.app; sourceTree = BUILT_PRODUCTS_DIR; };
		AEFB4B8B265A4F610074D417 /* AppDelegate.swift */ = {isa = PBXFileReference; lastKnownFileType = sourcecode.swift; path = AppDelegate.swift; sourceTree = "<group>"; };
		AEFB4B8D265A4F610074D417 /* SceneDelegate.swift */ = {isa = PBXFileReference; lastKnownFileType = sourcecode.swift; path = SceneDelegate.swift; sourceTree = "<group>"; };
		AEFB4B8F265A4F610074D417 /* ViewController.swift */ = {isa = PBXFileReference; lastKnownFileType = sourcecode.swift; path = ViewController.swift; sourceTree = "<group>"; };
		AEFB4B92265A4F610074D417 /* Base */ = {isa = PBXFileReference; lastKnownFileType = file.storyboard; name = Base; path = Base.lproj/Main.storyboard; sourceTree = "<group>"; };
		AEFB4B95265A4F610074D417 /* Flowers.xcdatamodel */ = {isa = PBXFileReference; lastKnownFileType = wrapper.xcdatamodel; path = Flowers.xcdatamodel; sourceTree = "<group>"; };
		AEFB4B97265A4F630074D417 /* Assets.xcassets */ = {isa = PBXFileReference; lastKnownFileType = folder.assetcatalog; path = Assets.xcassets; sourceTree = "<group>"; };
		AEFB4B9A265A4F630074D417 /* Base */ = {isa = PBXFileReference; lastKnownFileType = file.storyboard; name = Base; path = Base.lproj/LaunchScreen.storyboard; sourceTree = "<group>"; };
		AEFB4B9C265A4F630074D417 /* Info.plist */ = {isa = PBXFileReference; lastKnownFileType = text.plist.xml; path = Info.plist; sourceTree = "<group>"; };
		AEFB4BA5265A56D90074D417 /* Flower.swift */ = {isa = PBXFileReference; lastKnownFileType = sourcecode.swift; path = Flower.swift; sourceTree = "<group>"; };
		AEFB4BAB265A6F5B0074D417 /* FlowersListVC.swift */ = {isa = PBXFileReference; lastKnownFileType = sourcecode.swift; path = FlowersListVC.swift; sourceTree = "<group>"; };
/* End PBXFileReference section */

/* Begin PBXFrameworksBuildPhase section */
		AEFB4B85265A4F610074D417 /* Frameworks */ = {
			isa = PBXFrameworksBuildPhase;
			buildActionMask = 2147483647;
			files = (
			);
			runOnlyForDeploymentPostprocessing = 0;
		};
/* End PBXFrameworksBuildPhase section */

/* Begin PBXGroup section */
		AEFB4B7F265A4F610074D417 = {
			isa = PBXGroup;
			children = (
				AEFB4B8A265A4F610074D417 /* Flowers */,
				AEFB4B89265A4F610074D417 /* Products */,
			);
			sourceTree = "<group>";
		};
		AEFB4B89265A4F610074D417 /* Products */ = {
			isa = PBXGroup;
			children = (
				AEFB4B88265A4F610074D417 /* A2_FA_iOS_Manpreet_C0805938.app */,
			);
			name = Products;
			sourceTree = "<group>";
		};
		AEFB4B8A265A4F610074D417 /* Flowers */ = {
			isa = PBXGroup;
			children = (
				AEFB4BAA265A6F280074D417 /* Controller */,
				AEFB4BA4265A56B00074D417 /* Model */,
				AEFB4B8B265A4F610074D417 /* AppDelegate.swift */,
				AEFB4B8D265A4F610074D417 /* SceneDelegate.swift */,
				AEFB4B91265A4F610074D417 /* Main.storyboard */,
				AEFB4B97265A4F630074D417 /* Assets.xcassets */,
				AEFB4B99265A4F630074D417 /* LaunchScreen.storyboard */,
				AEFB4B9C265A4F630074D417 /* Info.plist */,
			);
			path = Flowers;
			sourceTree = "<group>";
		};
		AEFB4BA4265A56B00074D417 /* Model */ = {
			isa = PBXGroup;
			children = (
				AEFB4BA5265A56D90074D417 /* Flower.swift */,
				AEFB4B94265A4F610074D417 /* Flowers.xcdatamodeld */,
			);
			path = Model;
			sourceTree = "<group>";
		};
		AEFB4BAA265A6F280074D417 /* Controller */ = {
			isa = PBXGroup;
			children = (
				AEFB4B8F265A4F610074D417 /* ViewController.swift */,
				AEFB4BAB265A6F5B0074D417 /* FlowersListVC.swift */,
			);
			path = Controller;
			sourceTree = "<group>";
		};
/* End PBXGroup section */

/* Begin PBXNativeTarget section */
		AEFB4B87265A4F610074D417 /* A2_FA_iOS_Manpreet_C0805938 */ = {
			isa = PBXNativeTarget;
			buildConfigurationList = AEFB4B9F265A4F630074D417 /* Build configuration list for PBXNativeTarget "A2_FA_iOS_Manpreet_C0805938" */;
			buildPhases = (
				AEFB4B84265A4F610074D417 /* Sources */,
				AEFB4B85265A4F610074D417 /* Frameworks */,
				AEFB4B86265A4F610074D417 /* Resources */,
			);
			buildRules = (
			);
			dependencies = (
			);
			name = A2_FA_iOS_Manpreet_C0805938;
			productName = Flowers;
			productReference = AEFB4B88265A4F610074D417 /* A2_FA_iOS_Manpreet_C0805938.app */;
			productType = "com.apple.product-type.application";
		};
/* End PBXNativeTarget section */

/* Begin PBXProject section */
		AEFB4B80265A4F610074D417 /* Project object */ = {
			isa = PBXProject;
			attributes = {
				LastSwiftUpdateCheck = 1240;
				LastUpgradeCheck = 1240;
				TargetAttributes = {
					AEFB4B87265A4F610074D417 = {
						CreatedOnToolsVersion = 12.4;
					};
				};
			};
			buildConfigurationList = AEFB4B83265A4F610074D417 /* Build configuration list for PBXProject "A2_FA_iOS_Manpreet_C0805938" */;
			compatibilityVersion = "Xcode 9.3";
			developmentRegion = en;
			hasScannedForEncodings = 0;
			knownRegions = (
				en,
				Base,
			);
			mainGroup = AEFB4B7F265A4F610074D417;
			productRefGroup = AEFB4B89265A4F610074D417 /* Products */;
			projectDirPath = "";
			projectRoot = "";
			targets = (
				AEFB4B87265A4F610074D417 /* A2_FA_iOS_Manpreet_C0805938 */,
			);
		};
/* End PBXProject section */

/* Begin PBXResourcesBuildPhase section */
		AEFB4B86265A4F610074D417 /* Resources */ = {
			isa = PBXResourcesBuildPhase;
			buildActionMask = 2147483647;
			files = (
				AEFB4B9B265A4F630074D417 /* LaunchScreen.storyboard in Resources */,
				AEFB4B98265A4F630074D417 /* Assets.xcassets in Resources */,
				AEFB4B93265A4F610074D417 /* Main.storyboard in Resources */,
			);
			runOnlyForDeploymentPostprocessing = 0;
		};
/* End PBXResourcesBuildPhase section */

/* Begin PBXSourcesBuildPhase section */
		AEFB4B84265A4F610074D417 /* Sources */ = {
			isa = PBXSourcesBuildPhase;
			buildActionMask = 2147483647;
			files = (
				AEFB4B90265A4F610074D417 /* ViewController.swift in Sources */,
				AEFB4BAC265A6F5B0074D417 /* FlowersListVC.swift in Sources */,
				AEFB4B8C265A4F610074D417 /* AppDelegate.swift in Sources */,
				AEFB4BA6265A56D90074D417 /* Flower.swift in Sources */,
				AEFB4B96265A4F610074D417 /* Flowers.xcdatamodeld in Sources */,
				AEFB4B8E265A4F610074D417 /* SceneDelegate.swift in Sources */,
			);
			runOnlyForDeploymentPostprocessing = 0;
		};
/* End PBXSourcesBuildPhase section */

/* Begin PBXVariantGroup section */
		AEFB4B91265A4F610074D417 /* Main.storyboard */ = {
			isa = PBXVariantGroup;
			children = (
				AEFB4B92265A4F610074D417 /* Base */,
			);
			name = Main.storyboard;
			sourceTree = "<group>";
		};
		AEFB4B99265A4F630074D417 /* LaunchScreen.storyboard */ = {
			isa = PBXVariantGroup;
			children = (
				AEFB4B9A265A4F630074D417 /* Base */,
			);
			name = LaunchScreen.storyboard;
			sourceTree = "<group>";
		};
/* End PBXVariantGroup section */

/* Begin XCBuildConfiguration section */
		AEFB4B9D265A4F630074D417 /* Debug */ = {
			isa = XCBuildConfiguration;
			buildSettings = {
				ALWAYS_SEARCH_USER_PATHS = NO;
				CLANG_ANALYZER_NONNULL = YES;
				CLANG_ANALYZER_NUMBER_OBJECT_CONVERSION = YES_AGGRESSIVE;
				CLANG_CXX_LANGUAGE_STANDARD = "gnu++14";
				CLANG_CXX_LIBRARY = "libc++";
				CLANG_ENABLE_MODULES = YES;
				CLANG_ENABLE_OBJC_ARC = YES;
				CLANG_ENABLE_OBJC_WEAK = YES;
				CLANG_WARN_BLOCK_CAPTURE_AUTORELEASING = YES;
				CLANG_WARN_BOOL_CONVERSION = YES;
				CLANG_WARN_COMMA = YES;
				CLANG_WARN_CONSTANT_CONVERSION = YES;
				CLANG_WARN_DEPRECATED_OBJC_IMPLEMENTATIONS = YES;
				CLANG_WARN_DIRECT_OBJC_ISA_USAGE = YES_ERROR;
				CLANG_WARN_DOCUMENTATION_COMMENTS = YES;
				CLANG_WARN_EMPTY_BODY = YES;
				CLANG_WARN_ENUM_CONVERSION = YES;
				CLANG_WARN_INFINITE_RECURSION = YES;
				CLANG_WARN_INT_CONVERSION = YES;
				CLANG_WARN_NON_LITERAL_NULL_CONVERSION = YES;
				CLANG_WARN_OBJC_IMPLICIT_RETAIN_SELF = YES;
				CLANG_WARN_OBJC_LITERAL_CONVERSION = YES;
				CLANG_WARN_OBJC_ROOT_CLASS = YES_ERROR;
				CLANG_WARN_QUOTED_INCLUDE_IN_FRAMEWORK_HEADER = YES;
				CLANG_WARN_RANGE_LOOP_ANALYSIS = YES;
				CLANG_WARN_STRICT_PROTOTYPES = YES;
				CLANG_WARN_SUSPICIOUS_MOVE = YES;
				CLANG_WARN_UNGUARDED_AVAILABILITY = YES_AGGRESSIVE;
				CLANG_WARN_UNREACHABLE_CODE = YES;
				CLANG_WARN__DUPLICATE_METHOD_MATCH = YES;
				COPY_PHASE_STRIP = NO;
				DEBUG_INFORMATION_FORMAT = dwarf;
				ENABLE_STRICT_OBJC_MSGSEND = YES;
				ENABLE_TESTABILITY = YES;
				GCC_C_LANGUAGE_STANDARD = gnu11;
				GCC_DYNAMIC_NO_PIC = NO;
				GCC_NO_COMMON_BLOCKS = YES;
				GCC_OPTIMIZATION_LEVEL = 0;
				GCC_PREPROCESSOR_DEFINITIONS = (
					"DEBUG=1",
					"$(inherited)",
				);
				GCC_WARN_64_TO_32_BIT_CONVERSION = YES;
				GCC_WARN_ABOUT_RETURN_TYPE = YES_ERROR;
				GCC_WARN_UNDECLARED_SELECTOR = YES;
				GCC_WARN_UNINITIALIZED_AUTOS = YES_AGGRESSIVE;
				GCC_WARN_UNUSED_FUNCTION = YES;
				GCC_WARN_UNUSED_VARIABLE = YES;
				IPHONEOS_DEPLOYMENT_TARGET = 14.4;
				MTL_ENABLE_DEBUG_INFO = INCLUDE_SOURCE;
				MTL_FAST_MATH = YES;
				ONLY_ACTIVE_ARCH = YES;
				SDKROOT = iphoneos;
				SWIFT_ACTIVE_COMPILATION_CONDITIONS = DEBUG;
				SWIFT_OPTIMIZATION_LEVEL = "-Onone";
			};
			name = Debug;
		};
		AEFB4B9E265A4F630074D417 /* Release */ = {
			isa = XCBuildConfiguration;
			buildSettings = {
				ALWAYS_SEARCH_USER_PATHS = NO;
				CLANG_ANALYZER_NONNULL = YES;
				CLANG_ANALYZER_NUMBER_OBJECT_CONVERSION = YES_AGGRESSIVE;
				CLANG_CXX_LANGUAGE_STANDARD = "gnu++14";
				CLANG_CXX_LIBRARY = "libc++";
				CLANG_ENABLE_MODULES = YES;
				CLANG_ENABLE_OBJC_ARC = YES;
				CLANG_ENABLE_OBJC_WEAK = YES;
				CLANG_WARN_BLOCK_CAPTURE_AUTORELEASING = YES;
				CLANG_WARN_BOOL_CONVERSION = YES;
				CLANG_WARN_COMMA = YES;
				CLANG_WARN_CONSTANT_CONVERSION = YES;
				CLANG_WARN_DEPRECATED_OBJC_IMPLEMENTATIONS = YES;
				CLANG_WARN_DIRECT_OBJC_ISA_USAGE = YES_ERROR;
				CLANG_WARN_DOCUMENTATION_COMMENTS = YES;
				CLANG_WARN_EMPTY_BODY = YES;
				CLANG_WARN_ENUM_CONVERSION = YES;
				CLANG_WARN_INFINITE_RECURSION = YES;
				CLANG_WARN_INT_CONVERSION = YES;
				CLANG_WARN_NON_LITERAL_NULL_CONVERSION = YES;
				CLANG_WARN_OBJC_IMPLICIT_RETAIN_SELF = YES;
				CLANG_WARN_OBJC_LITERAL_CONVERSION = YES;
				CLANG_WARN_OBJC_ROOT_CLASS = YES_ERROR;
				CLANG_WARN_QUOTED_INCLUDE_IN_FRAMEWORK_HEADER = YES;
				CLANG_WARN_RANGE_LOOP_ANALYSIS = YES;
				CLANG_WARN_STRICT_PROTOTYPES = YES;
				CLANG_WARN_SUSPICIOUS_MOVE = YES;
				CLANG_WARN_UNGUARDED_AVAILABILITY = YES_AGGRESSIVE;
				CLANG_WARN_UNREACHABLE_CODE = YES;
				CLANG_WARN__DUPLICATE_METHOD_MATCH = YES;
				COPY_PHASE_STRIP = NO;
				DEBUG_INFORMATION_FORMAT = "dwarf-with-dsym";
				ENABLE_NS_ASSERTIONS = NO;
				ENABLE_STRICT_OBJC_MSGSEND = YES;
				GCC_C_LANGUAGE_STANDARD = gnu11;
				GCC_NO_COMMON_BLOCKS = YES;
				GCC_WARN_64_TO_32_BIT_CONVERSION = YES;
				GCC_WARN_ABOUT_RETURN_TYPE = YES_ERROR;
				GCC_WARN_UNDECLARED_SELECTOR = YES;
				GCC_WARN_UNINITIALIZED_AUTOS = YES_AGGRESSIVE;
				GCC_WARN_UNUSED_FUNCTION = YES;
				GCC_WARN_UNUSED_VARIABLE = YES;
				IPHONEOS_DEPLOYMENT_TARGET = 14.4;
				MTL_ENABLE_DEBUG_INFO = NO;
				MTL_FAST_MATH = YES;
				SDKROOT = iphoneos;
				SWIFT_COMPILATION_MODE = wholemodule;
				SWIFT_OPTIMIZATION_LEVEL = "-O";
				VALIDATE_PRODUCT = YES;
			};
			name = Release;
		};
		AEFB4BA0265A4F630074D417 /* Debug */ = {
			isa = XCBuildConfiguration;
			buildSettings = {
				ASSETCATALOG_COMPILER_APPICON_NAME = AppIcon;
				ASSETCATALOG_COMPILER_GLOBAL_ACCENT_COLOR_NAME = AccentColor;
				CODE_SIGN_STYLE = Automatic;
				CURRENT_PROJECT_VERSION = 1.0;
				DEVELOPMENT_TEAM = 8XU7YRE9EN;
				INFOPLIST_FILE = Flowers/Info.plist;
				IPHONEOS_DEPLOYMENT_TARGET = 13.0;
				LD_RUNPATH_SEARCH_PATHS = (
					"$(inherited)",
					"@executable_path/Frameworks",
				);
				PRODUCT_BUNDLE_IDENTIFIER = com.product.management;
				PRODUCT_NAME = "$(TARGET_NAME)";
				SWIFT_VERSION = 5.0;
				TARGETED_DEVICE_FAMILY = 1;
			};
			name = Debug;
		};
		AEFB4BA1265A4F630074D417 /* Release */ = {
			isa = XCBuildConfiguration;
			buildSettings = {
				ASSETCATALOG_COMPILER_APPICON_NAME = AppIcon;
				ASSETCATALOG_COMPILER_GLOBAL_ACCENT_COLOR_NAME = AccentColor;
				CODE_SIGN_STYLE = Automatic;
				CURRENT_PROJECT_VERSION = 1.0;
				DEVELOPMENT_TEAM = 8XU7YRE9EN;
				INFOPLIST_FILE = Flowers/Info.plist;
				IPHONEOS_DEPLOYMENT_TARGET = 13.0;
				LD_RUNPATH_SEARCH_PATHS = (
					"$(inherited)",
					"@executable_path/Frameworks",
				);
				PRODUCT_BUNDLE_IDENTIFIER = com.product.management;
				PRODUCT_NAME = "$(TARGET_NAME)";
				SWIFT_VERSION = 5.0;
				TARGETED_DEVICE_FAMILY = 1;
			};
			name = Release;
		};
/* End XCBuildConfiguration section */

/* Begin XCConfigurationList section */
		AEFB4B83265A4F610074D417 /* Build configuration list for PBXProject "A2_FA_iOS_Manpreet_C0805938" */ = {
			isa = XCConfigurationList;
			buildConfigurations = (
				AEFB4B9D265A4F630074D417 /* Debug */,
				AEFB4B9E265A4F630074D417 /* Release */,
			);
			defaultConfigurationIsVisible = 0;
			defaultConfigurationName = Release;
		};
		AEFB4B9F265A4F630074D417 /* Build configuration list for PBXNativeTarget "A2_FA_iOS_Manpreet_C0805938" */ = {
			isa = XCConfigurationList;
			buildConfigurations = (
				AEFB4BA0265A4F630074D417 /* Debug */,
				AEFB4BA1265A4F630074D417 /* Release */,
			);
			defaultConfigurationIsVisible = 0;
			defaultConfigurationName = Release;
		};
/* End XCConfigurationList section */

/* Begin XCVersionGroup section */
		AEFB4B94265A4F610074D417 /* Flowers.xcdatamodeld */ = {
			isa = XCVersionGroup;
			children = (
				AEFB4B95265A4F610074D417 /* Flowers.xcdatamodel */,
			);
			currentVersion = AEFB4B95265A4F610074D417 /* Flowers.xcdatamodel */;
			path = Flowers.xcdatamodeld;
			sourceTree = "<group>";
			versionGroupType = wrapper.xcdatamodel;
		};
/* End XCVersionGroup section */
	};
	rootObject = AEFB4B80265A4F610074D417 /* Project object */;
}
